
Microsoft Visual Studio Solution File, Format Version 12.00
# Visual Studio Version 17
VisualStudioVersion = 17.7.34003.232
MinimumVisualStudioVersion = 10.0.40219.1
Project("{9A19103F-16F7-4668-BE54-9A1E7A4F7556}") = "DataService", "DataService\DataService.csproj", "{605B0125-118B-4852-BC07-8678A52CEE28}"
EndProject
Project("{9A19103F-16F7-4668-BE54-9A1E7A4F7556}") = "Entities", "Entities\Entities.csproj", "{7EDFF0E6-DBAD-4386-9CD5-66F01F2FEEAA}"
EndProject
Project("{9A19103F-16F7-4668-BE54-9A1E7A4F7556}") = "Services", "Services\Services.csproj", "{82446506-D89F-4E4C-A4D2-CB4584BB1449}"
EndProject
Project("{9A19103F-16F7-4668-BE54-9A1E7A4F7556}") = "GeolocationAppWpf", "GeolocationAppWpf\GeolocationAppWpf.csproj", "{DBA8CC0A-849B-4C45-9F77-D4209C6247A7}"
EndProject
Project("{FAE04EC0-301F-11D3-BF4B-00C04F79EFBC}") = "ServicesTests", "ServicesTests\ServicesTests.csproj", "{A7D00704-1BE3-4A73-9E1D-17CD418B716B}"
EndProject
Global
	GlobalSection(SolutionConfigurationPlatforms) = preSolution
		Debug|Any CPU = Debug|Any CPU
		Release|Any CPU = Release|Any CPU
	EndGlobalSection
	GlobalSection(ProjectConfigurationPlatforms) = postSolution
		{605B0125-118B-4852-BC07-8678A52CEE28}.Debug|Any CPU.ActiveCfg = Debug|Any CPU
		{605B0125-118B-4852-BC07-8678A52CEE28}.Debug|Any CPU.Build.0 = Debug|Any CPU
		{605B0125-118B-4852-BC07-8678A52CEE28}.Release|Any CPU.ActiveCfg = Release|Any CPU
		{605B0125-118B-4852-BC07-8678A52CEE28}.Release|Any CPU.Build.0 = Release|Any CPU
		{7EDFF0E6-DBAD-4386-9CD5-66F01F2FEEAA}.Debug|Any CPU.ActiveCfg = Debug|Any CPU
		{7EDFF0E6-DBAD-4386-9CD5-66F01F2FEEAA}.Debug|Any CPU.Build.0 = Debug|Any CPU
		{7EDFF0E6-DBAD-4386-9CD5-66F01F2FEEAA}.Release|Any CPU.ActiveCfg = Release|Any CPU
		{7EDFF0E6-DBAD-4386-9CD5-66F01F2FEEAA}.Release|Any CPU.Build.0 = Release|Any CPU
		{82446506-D89F-4E4C-A4D2-CB4584BB1449}.Debug|Any CPU.ActiveCfg = Debug|Any CPU
		{82446506-D89F-4E4C-A4D2-CB4584BB1449}.Debug|Any CPU.Build.0 = Debug|Any CPU
		{82446506-D89F-4E4C-A4D2-CB4584BB1449}.Release|Any CPU.ActiveCfg = Release|Any CPU
		{82446506-D89F-4E4C-A4D2-CB4584BB1449}.Release|Any CPU.Build.0 = Release|Any CPU
		{DBA8CC0A-849B-4C45-9F77-D4209C6247A7}.Debug|Any CPU.ActiveCfg = Debug|Any CPU
		{DBA8CC0A-849B-4C45-9F77-D4209C6247A7}.Debug|Any CPU.Build.0 = Debug|Any CPU
		{DBA8CC0A-849B-4C45-9F77-D4209C6247A7}.Release|Any CPU.ActiveCfg = Release|Any CPU
		{DBA8CC0A-849B-4C45-9F77-D4209C6247A7}.Release|Any CPU.Build.0 = Release|Any CPU
		{A7D00704-1BE3-4A73-9E1D-17CD418B716B}.Debug|Any CPU.ActiveCfg = Debug|Any CPU
		{A7D00704-1BE3-4A73-9E1D-17CD418B716B}.Debug|Any CPU.Build.0 = Debug|Any CPU
		{A7D00704-1BE3-4A73-9E1D-17CD418B716B}.Release|Any CPU.ActiveCfg = Release|Any CPU
		{A7D00704-1BE3-4A73-9E1D-17CD418B716B}.Release|Any CPU.Build.0 = Release|Any CPU
	EndGlobalSection
	GlobalSection(SolutionProperties) = preSolution
		HideSolutionNode = FALSE
	EndGlobalSection
	GlobalSection(ExtensibilityGlobals) = postSolution
		SolutionGuid = {CEA744B8-F725-42B8-A97A-8CB90A52D19E}
	EndGlobalSection
EndGlobal
